
Microsoft Visual Studio Solution File, Format Version 12.00
# Visual Studio Version 16
VisualStudioVersion = 16.0.31112.23
MinimumVisualStudioVersion = 10.0.40219.1
Project("{9A19103F-16F7-4668-BE54-9A1E7A4F7556}") = "src", "IdentityServer\src.csproj", "{2F4AA750-D214-4139-BB81-23B8D2C0640B}"
EndProject
Project("{FAE04EC0-301F-11D3-BF4B-00C04F79EFBC}") = "MvcClient", "MvcClient\MvcClient.csproj", "{54E5C3D9-C91E-477E-AA8F-1F57509C47E1}"
EndProject
Global
	GlobalSection(SolutionConfigurationPlatforms) = preSolution
		Debug|Any CPU = Debug|Any CPU
		Release|Any CPU = Release|Any CPU
	EndGlobalSection
	GlobalSection(ProjectConfigurationPlatforms) = postSolution
		{2F4AA750-D214-4139-BB81-23B8D2C0640B}.Debug|Any CPU.ActiveCfg = Debug|Any CPU
		{2F4AA750-D214-4139-BB81-23B8D2C0640B}.Debug|Any CPU.Build.0 = Debug|Any CPU
		{2F4AA750-D214-4139-BB81-23B8D2C0640B}.Release|Any CPU.ActiveCfg = Release|Any CPU
		{2F4AA750-D214-4139-BB81-23B8D2C0640B}.Release|Any CPU.Build.0 = Release|Any CPU
		{54E5C3D9-C91E-477E-AA8F-1F57509C47E1}.Debug|Any CPU.ActiveCfg = Debug|Any CPU
		{54E5C3D9-C91E-477E-AA8F-1F57509C47E1}.Debug|Any CPU.Build.0 = Debug|Any CPU
		{54E5C3D9-C91E-477E-AA8F-1F57509C47E1}.Release|Any CPU.ActiveCfg = Release|Any CPU
		{54E5C3D9-C91E-477E-AA8F-1F57509C47E1}.Release|Any CPU.Build.0 = Release|Any CPU
	EndGlobalSection
	GlobalSection(SolutionProperties) = preSolution
		HideSolutionNode = FALSE
	EndGlobalSection
	GlobalSection(ExtensibilityGlobals) = postSolution
		SolutionGuid = {D4059A4E-815E-429C-B947-8DD6E0C81110}
	EndGlobalSection
EndGlobal
